PODS:
  - IQKeyboardManagerSwift (6.5.5)
  - Kingfisher (5.13.2):
    - Kingfisher/Core (= 5.13.2)
  - Kingfisher/Core (5.13.2)
  - SwiftLinkPreview (3.1.0)

DEPENDENCIES:
  - IQKeyboardManagerSwift
  - Kingfisher (~> 5.0)
  - SwiftLinkPreview (~> 3.1.0)

SPEC REPOS:
  trunk:
    - IQKeyboardManagerSwift
    - Kingfisher
    - SwiftLinkPreview

SPEC CHECKSUMS:
  IQKeyboardManagerSwift: 0fb93310284665245591f50f7a5e38de615960b7
  Kingfisher: d342c8354c10c3d85a27d6d4c42c41285924b898
  SwiftLinkPreview: 3d924eeaae8d17410a827a4b37675713af1a0a8a

PODFILE CHECKSUM: 4d06387e0109cf9852f2b5c74fb6b77399d6fc62

COCOAPODS: 1.9.0
